{
  "name": "test-pips",
  "version": "1.0.0",
  "lockfileVersion": 3,
  "requires": true,
  "packages": {
    "": {
      "name": "test-pips",
      "version": "1.0.0",
      "license": "ISC",
      "dependencies": {
        "market-pipscalc": "^1.1.0"
      }
    },
    "node_modules/market-pipscalc": {
      "version": "1.1.0",
      "resolved": "https://registry.npmjs.org/market-pipscalc/-/market-pipscalc-1.1.0.tgz",
      "integrity": "sha512-zC7YaFzOKENxtPH4maVrJl2GhvcEmjZPBvgtKPoSuJ3kSqwWL82+yGJXvow2HKEr0rXTzBA1wq+krkNNB/t8mA==",
      "license": "MIT"
    }
  }
}
